{
  "name": "lisa.json",
  "version": "1.0.0",
  "lockfileVersion": 1,
  "requires": true,
  "dependencies": {
    "lisa.utils": {
      "version": "1.0.0",
      "resolved": "https://registry.npmjs.org/lisa.utils/-/lisa.utils-1.0.0.tgz",
      "integrity": "sha512-nUsB2+e/s7G5+34FPrvshO0X76wo2Ek1vhjdTT6nW9oJDCmz5cL8Ny6IioukpulIXFUOCL5tNjS4PQP6qSQ+8A=="
    }
  }
}
